// !$*UTF8*$!
{
	archiveVersion = 1;
	classes = {
	};
	objectVersion = 55;
	objects = {

/* Begin PBXBuildFile section */
		CE3D6DF727E9824E00928BE4 /* AppRow.swift in Sources */ = {isa = PBXBuildFile; fileRef = CE3D6DF627E9824E00928BE4 /* AppRow.swift */; };
		CE3D6DFA27E998E600928BE4 /* API.swift in Sources */ = {isa = PBXBuildFile; fileRef = CE3D6DF927E998E600928BE4 /* API.swift */; };
		CE3D6DFD27E9AB5300928BE4 /* Alamofire in Frameworks */ = {isa = PBXBuildFile; productRef = CE3D6DFC27E9AB5300928BE4 /* Alamofire */; };
		CE3D6E0027E9ACB500928BE4 /* Kingfisher in Frameworks */ = {isa = PBXBuildFile; productRef = CE3D6DFF27E9ACB500928BE4 /* Kingfisher */; };
		CE3D6E0327E9B0A500928BE4 /* Apps.swift in Sources */ = {isa = PBXBuildFile; fileRef = CE3D6E0227E9B0A500928BE4 /* Apps.swift */; };
		CE3D6E0527EA273B00928BE4 /* AppViewModel.swift in Sources */ = {isa = PBXBuildFile; fileRef = CE3D6E0427EA273B00928BE4 /* AppViewModel.swift */; };
		CE3E4DD127EC19940024F2A7 /* Country.swift in Sources */ = {isa = PBXBuildFile; fileRef = CE3E4DD027EC19940024F2A7 /* Country.swift */; };
		CE651F7827E8E27D0080B227 /* World_AppsApp.swift in Sources */ = {isa = PBXBuildFile; fileRef = CE651F7727E8E27D0080B227 /* World_AppsApp.swift */; };
		CE651F7A27E8E27D0080B227 /* ContentView.swift in Sources */ = {isa = PBXBuildFile; fileRef = CE651F7927E8E27D0080B227 /* ContentView.swift */; };
		CE651F7C27E8E2810080B227 /* Assets.xcassets in Resources */ = {isa = PBXBuildFile; fileRef = CE651F7B27E8E2810080B227 /* Assets.xcassets */; };
		CE651F7F27E8E2810080B227 /* Preview Assets.xcassets in Resources */ = {isa = PBXBuildFile; fileRef = CE651F7E27E8E2810080B227 /* Preview Assets.xcassets */; };
		CE651F8927E8E2810080B227 /* World_AppsTests.swift in Sources */ = {isa = PBXBuildFile; fileRef = CE651F8827E8E2810080B227 /* World_AppsTests.swift */; };
		CE651F9327E8E2810080B227 /* World_AppsUITests.swift in Sources */ = {isa = PBXBuildFile; fileRef = CE651F9227E8E2810080B227 /* World_AppsUITests.swift */; };
		CE651F9527E8E2810080B227 /* World_AppsUITestsLaunchTests.swift in Sources */ = {isa = PBXBuildFile; fileRef = CE651F9427E8E2810080B227 /* World_AppsUITestsLaunchTests.swift */; };
		CEE80E1227EB6EBE00A896BB /* CountryList.swift in Sources */ = {isa = PBXBuildFile; fileRef = CEE80E1127EB6EBE00A896BB /* CountryList.swift */; };
		CEE80E1427EB721A00A896BB /* CountryItem.swift in Sources */ = {isa = PBXBuildFile; fileRef = CEE80E1327EB721A00A896BB /* CountryItem.swift */; };
/* End PBXBuildFile section */

/* Begin PBXContainerItemProxy section */
		CE651F8527E8E2810080B227 /* PBXContainerItemProxy */ = {
			isa = PBXContainerItemProxy;
			containerPortal = CE651F6C27E8E27D0080B227 /* Project object */;
			proxyType = 1;
			remoteGlobalIDString = CE651F7327E8E27D0080B227;
			remoteInfo = "World Apps";
		};
		CE651F8F27E8E2810080B227 /* PBXContainerItemProxy */ = {
			isa = PBXContainerItemProxy;
			containerPortal = CE651F6C27E8E27D0080B227 /* Project object */;
			proxyType = 1;
			remoteGlobalIDString = CE651F7327E8E27D0080B227;
			remoteInfo = "World Apps";
		};
/* End PBXContainerItemProxy section */

/* Begin PBXFileReference section */
		CE3D6DF627E9824E00928BE4 /* AppRow.swift */ = {isa = PBXFileReference; lastKnownFileType = sourcecode.swift; path = AppRow.swift; sourceTree = "<group>"; };
		CE3D6DF927E998E600928BE4 /* API.swift */ = {isa = PBXFileReference; lastKnownFileType = sourcecode.swift; path = API.swift; sourceTree = "<group>"; };
		CE3D6E0227E9B0A500928BE4 /* Apps.swift */ = {isa = PBXFileReference; lastKnownFileType = sourcecode.swift; path = Apps.swift; sourceTree = "<group>"; };
		CE3D6E0427EA273B00928BE4 /* AppViewModel.swift */ = {isa = PBXFileReference; lastKnownFileType = sourcecode.swift; path = AppViewModel.swift; sourceTree = "<group>"; };
		CE3E4DD027EC19940024F2A7 /* Country.swift */ = {isa = PBXFileReference; lastKnownFileType = sourcecode.swift; path = Country.swift; sourceTree = "<group>"; };
		CE651F7427E8E27D0080B227 /* WorldApps.app */ = {isa = PBXFileReference; explicitFileType = wrapper.application; includeInIndex = 0; path = WorldApps.app; sourceTree = BUILT_PRODUCTS_DIR; };
		CE651F7727E8E27D0080B227 /* World_AppsApp.swift */ = {isa = PBXFileReference; lastKnownFileType = sourcecode.swift; path = World_AppsApp.swift; sourceTree = "<group>"; };
		CE651F7927E8E27D0080B227 /* ContentView.swift */ = {isa = PBXFileReference; lastKnownFileType = sourcecode.swift; path = ContentView.swift; sourceTree = "<group>"; };
		CE651F7B27E8E2810080B227 /* Assets.xcassets */ = {isa = PBXFileReference; lastKnownFileType = folder.assetcatalog; path = Assets.xcassets; sourceTree = "<group>"; };
		CE651F7E27E8E2810080B227 /* Preview Assets.xcassets */ = {isa = PBXFileReference; lastKnownFileType = folder.assetcatalog; path = "Preview Assets.xcassets"; sourceTree = "<group>"; };
		CE651F8427E8E2810080B227 /* WorldAppsTests.xctest */ = {isa = PBXFileReference; explicitFileType = wrapper.cfbundle; includeInIndex = 0; path = WorldAppsTests.xctest; sourceTree = BUILT_PRODUCTS_DIR; };
		CE651F8827E8E2810080B227 /* World_AppsTests.swift */ = {isa = PBXFileReference; lastKnownFileType = sourcecode.swift; path = World_AppsTests.swift; sourceTree = "<group>"; };
		CE651F8E27E8E2810080B227 /* WorldAppsUITests.xctest */ = {isa = PBXFileReference; explicitFileType = wrapper.cfbundle; includeInIndex = 0; path = WorldAppsUITests.xctest; sourceTree = BUILT_PRODUCTS_DIR; };
		CE651F9227E8E2810080B227 /* World_AppsUITests.swift */ = {isa = PBXFileReference; lastKnownFileType = sourcecode.swift; path = World_AppsUITests.swift; sourceTree = "<group>"; };
		CE651F9427E8E2810080B227 /* World_AppsUITestsLaunchTests.swift */ = {isa = PBXFileReference; lastKnownFileType = sourcecode.swift; path = World_AppsUITestsLaunchTests.swift; sourceTree = "<group>"; };
		CEE80E1127EB6EBE00A896BB /* CountryList.swift */ = {isa = PBXFileReference; lastKnownFileType = sourcecode.swift; path = CountryList.swift; sourceTree = "<group>"; };
		CEE80E1327EB721A00A896BB /* CountryItem.swift */ = {isa = PBXFileReference; lastKnownFileType = sourcecode.swift; path = CountryItem.swift; sourceTree = "<group>"; };
/* End PBXFileReference section */

/* Begin PBXFrameworksBuildPhase section */
		CE651F7127E8E27D0080B227 /* Frameworks */ = {
			isa = PBXFrameworksBuildPhase;
			buildActionMask = 2147483647;
			files = (
				CE3D6E0027E9ACB500928BE4 /* Kingfisher in Frameworks */,
				CE3D6DFD27E9AB5300928BE4 /* Alamofire in Frameworks */,
			);
			runOnlyForDeploymentPostprocessing = 0;
		};
		CE651F8127E8E2810080B227 /* Frameworks */ = {
			isa = PBXFrameworksBuildPhase;
			buildActionMask = 2147483647;
			files = (
			);
			runOnlyForDeploymentPostprocessing = 0;
		};
		CE651F8B27E8E2810080B227 /* Frameworks */ = {
			isa = PBXFrameworksBuildPhase;
			buildActionMask = 2147483647;
			files = (
			);
			runOnlyForDeploymentPostprocessing = 0;
		};
/* End PBXFrameworksBuildPhase section */

/* Begin PBXGroup section */
		CE3D6DF527E981F600928BE4 /* View */ = {
			isa = PBXGroup;
			children = (
				CE651F7927E8E27D0080B227 /* ContentView.swift */,
				CE3D6DF627E9824E00928BE4 /* AppRow.swift */,
				CEE80E1127EB6EBE00A896BB /* CountryList.swift */,
				CEE80E1327EB721A00A896BB /* CountryItem.swift */,
			);
			path = View;
			sourceTree = "<group>";
		};
		CE3D6DF827E998D800928BE4 /* API */ = {
			isa = PBXGroup;
			children = (
				CE3D6DF927E998E600928BE4 /* API.swift */,
			);
			path = API;
			sourceTree = "<group>";
		};
		CE3D6E0127E9B08B00928BE4 /* Model */ = {
			isa = PBXGroup;
			children = (
				CE3D6E0227E9B0A500928BE4 /* Apps.swift */,
				CE3E4DD027EC19940024F2A7 /* Country.swift */,
			);
			path = Model;
			sourceTree = "<group>";
		};
		CE3D6E0627EA274800928BE4 /* ViewModel */ = {
			isa = PBXGroup;
			children = (
				CE3D6E0427EA273B00928BE4 /* AppViewModel.swift */,
			);
			path = ViewModel;
			sourceTree = "<group>";
		};
		CE651F6B27E8E27D0080B227 = {
			isa = PBXGroup;
			children = (
				CE651F7627E8E27D0080B227 /* World Apps */,
				CE651F8727E8E2810080B227 /* World AppsTests */,
				CE651F9127E8E2810080B227 /* World AppsUITests */,
				CE651F7527E8E27D0080B227 /* Products */,
			);
			sourceTree = "<group>";
		};
		CE651F7527E8E27D0080B227 /* Products */ = {
			isa = PBXGroup;
			children = (
				CE651F7427E8E27D0080B227 /* WorldApps.app */,
				CE651F8427E8E2810080B227 /* WorldAppsTests.xctest */,
				CE651F8E27E8E2810080B227 /* WorldAppsUITests.xctest */,
			);
			name = Products;
			sourceTree = "<group>";
		};
		CE651F7627E8E27D0080B227 /* World Apps */ = {
			isa = PBXGroup;
			children = (
				CE3D6DF827E998D800928BE4 /* API */,
				CE3D6E0127E9B08B00928BE4 /* Model */,
				CE3D6E0627EA274800928BE4 /* ViewModel */,
				CE3D6DF527E981F600928BE4 /* View */,
				CE651F7727E8E27D0080B227 /* World_AppsApp.swift */,
				CE651F7B27E8E2810080B227 /* Assets.xcassets */,
				CE651F7D27E8E2810080B227 /* Preview Content */,
			);
			path = "World Apps";
			sourceTree = "<group>";
		};
		CE651F7D27E8E2810080B227 /* Preview Content */ = {
			isa = PBXGroup;
			children = (
				CE651F7E27E8E2810080B227 /* Preview Assets.xcassets */,
			);
			path = "Preview Content";
			sourceTree = "<group>";
		};
		CE651F8727E8E2810080B227 /* World AppsTests */ = {
			isa = PBXGroup;
			children = (
				CE651F8827E8E2810080B227 /* World_AppsTests.swift */,
			);
			path = "World AppsTests";
			sourceTree = "<group>";
		};
		CE651F9127E8E2810080B227 /* World AppsUITests */ = {
			isa = PBXGroup;
			children = (
				CE651F9227E8E2810080B227 /* World_AppsUITests.swift */,
				CE651F9427E8E2810080B227 /* World_AppsUITestsLaunchTests.swift */,
			);
			path = "World AppsUITests";
			sourceTree = "<group>";
		};
/* End PBXGroup section */

/* Begin PBXNativeTarget section */
		CE651F7327E8E27D0080B227 /* WorldApps */ = {
			isa = PBXNativeTarget;
			buildConfigurationList = CE651F9827E8E2810080B227 /* Build configuration list for PBXNativeTarget "WorldApps" */;
			buildPhases = (
				CE651F7027E8E27D0080B227 /* Sources */,
				CE651F7127E8E27D0080B227 /* Frameworks */,
				CE651F7227E8E27D0080B227 /* Resources */,
			);
			buildRules = (
			);
			dependencies = (
			);
			name = WorldApps;
			packageProductDependencies = (
				CE3D6DFC27E9AB5300928BE4 /* Alamofire */,
				CE3D6DFF27E9ACB500928BE4 /* Kingfisher */,
			);
			productName = "World Apps";
			productReference = CE651F7427E8E27D0080B227 /* WorldApps.app */;
			productType = "com.apple.product-type.application";
		};
		CE651F8327E8E2810080B227 /* WorldAppsTests */ = {
			isa = PBXNativeTarget;
			buildConfigurationList = CE651F9B27E8E2810080B227 /* Build configuration list for PBXNativeTarget "WorldAppsTests" */;
			buildPhases = (
				CE651F8027E8E2810080B227 /* Sources */,
				CE651F8127E8E2810080B227 /* Frameworks */,
				CE651F8227E8E2810080B227 /* Resources */,
			);
			buildRules = (
			);
			dependencies = (
				CE651F8627E8E2810080B227 /* PBXTargetDependency */,
			);
			name = WorldAppsTests;
			productName = "World AppsTests";
			productReference = CE651F8427E8E2810080B227 /* WorldAppsTests.xctest */;
			productType = "com.apple.product-type.bundle.unit-test";
		};
		CE651F8D27E8E2810080B227 /* WorldAppsUITests */ = {
			isa = PBXNativeTarget;
			buildConfigurationList = CE651F9E27E8E2810080B227 /* Build configuration list for PBXNativeTarget "WorldAppsUITests" */;
			buildPhases = (
				CE651F8A27E8E2810080B227 /* Sources */,
				CE651F8B27E8E2810080B227 /* Frameworks */,
				CE651F8C27E8E2810080B227 /* Resources */,
			);
			buildRules = (
			);
			dependencies = (
				CE651F9027E8E2810080B227 /* PBXTargetDependency */,
			);
			name = WorldAppsUITests;
			productName = "World AppsUITests";
			productReference = CE651F8E27E8E2810080B227 /* WorldAppsUITests.xctest */;
			productType = "com.apple.product-type.bundle.ui-testing";
		};
/* End PBXNativeTarget section */

/* Begin PBXProject section */
		CE651F6C27E8E27D0080B227 /* Project object */ = {
			isa = PBXProject;
			attributes = {
				BuildIndependentTargetsInParallel = 1;
				LastSwiftUpdateCheck = 1320;
				LastUpgradeCheck = 1320;
				TargetAttributes = {
					CE651F7327E8E27D0080B227 = {
						CreatedOnToolsVersion = 13.2.1;
					};
					CE651F8327E8E2810080B227 = {
						CreatedOnToolsVersion = 13.2.1;
						TestTargetID = CE651F7327E8E27D0080B227;
					};
					CE651F8D27E8E2810080B227 = {
						CreatedOnToolsVersion = 13.2.1;
						TestTargetID = CE651F7327E8E27D0080B227;
					};
				};
			};
			buildConfigurationList = CE651F6F27E8E27D0080B227 /* Build configuration list for PBXProject "WorldApps" */;
			compatibilityVersion = "Xcode 13.0";
			developmentRegion = en;
			hasScannedForEncodings = 0;
			knownRegions = (
				en,
				Base,
			);
			mainGroup = CE651F6B27E8E27D0080B227;
			packageReferences = (
				CE3D6DFB27E9AB5300928BE4 /* XCRemoteSwiftPackageReference "Alamofire" */,
				CE3D6DFE27E9ACB500928BE4 /* XCRemoteSwiftPackageReference "Kingfisher" */,
			);
			productRefGroup = CE651F7527E8E27D0080B227 /* Products */;
			projectDirPath = "";
			projectRoot = "";
			targets = (
				CE651F7327E8E27D0080B227 /* WorldApps */,
				CE651F8327E8E2810080B227 /* WorldAppsTests */,
				CE651F8D27E8E2810080B227 /* WorldAppsUITests */,
			);
		};
/* End PBXProject section */

/* Begin PBXResourcesBuildPhase section */
		CE651F7227E8E27D0080B227 /* Resources */ = {
			isa = PBXResourcesBuildPhase;
			buildActionMask = 2147483647;
			files = (
				CE651F7F27E8E2810080B227 /* Preview Assets.xcassets in Resources */,
				CE651F7C27E8E2810080B227 /* Assets.xcassets in Resources */,
			);
			runOnlyForDeploymentPostprocessing = 0;
		};
		CE651F8227E8E2810080B227 /* Resources */ = {
			isa = PBXResourcesBuildPhase;
			buildActionMask = 2147483647;
			files = (
			);
			runOnlyForDeploymentPostprocessing = 0;
		};
		CE651F8C27E8E2810080B227 /* Resources */ = {
			isa = PBXResourcesBuildPhase;
			buildActionMask = 2147483647;
			files = (
			);
			runOnlyForDeploymentPostprocessing = 0;
		};
/* End PBXResourcesBuildPhase section */

/* Begin PBXSourcesBuildPhase section */
		CE651F7027E8E27D0080B227 /* Sources */ = {
			isa = PBXSourcesBuildPhase;
			buildActionMask = 2147483647;
			files = (
				CE3D6DF727E9824E00928BE4 /* AppRow.swift in Sources */,
				CE3E4DD127EC19940024F2A7 /* Country.swift in Sources */,
				CE651F7A27E8E27D0080B227 /* ContentView.swift in Sources */,
				CE3D6E0527EA273B00928BE4 /* AppViewModel.swift in Sources */,
				CE3D6E0327E9B0A500928BE4 /* Apps.swift in Sources */,
				CE3D6DFA27E998E600928BE4 /* API.swift in Sources */,
				CEE80E1227EB6EBE00A896BB /* CountryList.swift in Sources */,
				CE651F7827E8E27D0080B227 /* World_AppsApp.swift in Sources */,
				CEE80E1427EB721A00A896BB /* CountryItem.swift in Sources */,
			);
			runOnlyForDeploymentPostprocessing = 0;
		};
		CE651F8027E8E2810080B227 /* Sources */ = {
			isa = PBXSourcesBuildPhase;
			buildActionMask = 2147483647;
			files = (
				CE651F8927E8E2810080B227 /* World_AppsTests.swift in Sources */,
			);
			runOnlyForDeploymentPostprocessing = 0;
		};
		CE651F8A27E8E2810080B227 /* Sources */ = {
			isa = PBXSourcesBuildPhase;
			buildActionMask = 2147483647;
			files = (
				CE651F9327E8E2810080B227 /* World_AppsUITests.swift in Sources */,
				CE651F9527E8E2810080B227 /* World_AppsUITestsLaunchTests.swift in Sources */,
			);
			runOnlyForDeploymentPostprocessing = 0;
		};
/* End PBXSourcesBuildPhase section */

/* Begin PBXTargetDependency section */
		CE651F8627E8E2810080B227 /* PBXTargetDependency */ = {
			isa = PBXTargetDependency;
			target = CE651F7327E8E27D0080B227 /* WorldApps */;
			targetProxy = CE651F8527E8E2810080B227 /* PBXContainerItemProxy */;
		};
		CE651F9027E8E2810080B227 /* PBXTargetDependency */ = {
			isa = PBXTargetDependency;
			target = CE651F7327E8E27D0080B227 /* WorldApps */;
			targetProxy = CE651F8F27E8E2810080B227 /* PBXContainerItemProxy */;
		};
/* End PBXTargetDependency section */

/* Begin XCBuildConfiguration section */
		CE651F9627E8E2810080B227 /* Debug */ = {
			isa = XCBuildConfiguration;
			buildSettings = {
				ALWAYS_SEARCH_USER_PATHS = NO;
				CLANG_ANALYZER_NONNULL = YES;
				CLANG_ANALYZER_NUMBER_OBJECT_CONVERSION = YES_AGGRESSIVE;
				CLANG_CXX_LANGUAGE_STANDARD = "gnu++17";
				CLANG_CXX_LIBRARY = "libc++";
				CLANG_ENABLE_MODULES = YES;
				CLANG_ENABLE_OBJC_ARC = YES;
				CLANG_ENABLE_OBJC_WEAK = YES;
				CLANG_WARN_BLOCK_CAPTURE_AUTORELEASING = YES;
				CLANG_WARN_BOOL_CONVERSION = YES;
				CLANG_WARN_COMMA = YES;
				CLANG_WARN_CONSTANT_CONVERSION = YES;
				CLANG_WARN_DEPRECATED_OBJC_IMPLEMENTATIONS = YES;
				CLANG_WARN_DIRECT_OBJC_ISA_USAGE = YES_ERROR;
				CLANG_WARN_DOCUMENTATION_COMMENTS = YES;
				CLANG_WARN_EMPTY_BODY = YES;
				CLANG_WARN_ENUM_CONVERSION = YES;
				CLANG_WARN_INFINITE_RECURSION = YES;
				CLANG_WARN_INT_CONVERSION = YES;
				CLANG_WARN_NON_LITERAL_NULL_CONVERSION = YES;
				CLANG_WARN_OBJC_IMPLICIT_RETAIN_SELF = YES;
				CLANG_WARN_OBJC_LITERAL_CONVERSION = YES;
				CLANG_WARN_OBJC_ROOT_CLASS = YES_ERROR;
				CLANG_WARN_QUOTED_INCLUDE_IN_FRAMEWORK_HEADER = YES;
				CLANG_WARN_RANGE_LOOP_ANALYSIS = YES;
				CLANG_WARN_STRICT_PROTOTYPES = YES;
				CLANG_WARN_SUSPICIOUS_MOVE = YES;
				CLANG_WARN_UNGUARDED_AVAILABILITY = YES_AGGRESSIVE;
				CLANG_WARN_UNREACHABLE_CODE = YES;
				CLANG_WARN__DUPLICATE_METHOD_MATCH = YES;
				COPY_PHASE_STRIP = NO;
				DEBUG_INFORMATION_FORMAT = dwarf;
				ENABLE_STRICT_OBJC_MSGSEND = YES;
				ENABLE_TESTABILITY = YES;
				GCC_C_LANGUAGE_STANDARD = gnu11;
				GCC_DYNAMIC_NO_PIC = NO;
				GCC_NO_COMMON_BLOCKS = YES;
				GCC_OPTIMIZATION_LEVEL = 0;
				GCC_PREPROCESSOR_DEFINITIONS = (
					"DEBUG=1",
					"$(inherited)",
				);
				GCC_WARN_64_TO_32_BIT_CONVERSION = YES;
				GCC_WARN_ABOUT_RETURN_TYPE = YES_ERROR;
				GCC_WARN_UNDECLARED_SELECTOR = YES;
				GCC_WARN_UNINITIALIZED_AUTOS = YES_AGGRESSIVE;
				GCC_WARN_UNUSED_FUNCTION = YES;
				GCC_WARN_UNUSED_VARIABLE = YES;
				IPHONEOS_DEPLOYMENT_TARGET = 14.6;
				MTL_ENABLE_DEBUG_INFO = INCLUDE_SOURCE;
				MTL_FAST_MATH = YES;
				ONLY_ACTIVE_ARCH = YES;
				SDKROOT = iphoneos;
				SWIFT_ACTIVE_COMPILATION_CONDITIONS = DEBUG;
				SWIFT_OPTIMIZATION_LEVEL = "-Onone";
			};
			name = Debug;
		};
		CE651F9727E8E2810080B227 /* Release */ = {
			isa = XCBuildConfiguration;
			buildSettings = {
				ALWAYS_SEARCH_USER_PATHS = NO;
				CLANG_ANALYZER_NONNULL = YES;
				CLANG_ANALYZER_NUMBER_OBJECT_CONVERSION = YES_AGGRESSIVE;
				CLANG_CXX_LANGUAGE_STANDARD = "gnu++17";
				CLANG_CXX_LIBRARY = "libc++";
				CLANG_ENABLE_MODULES = YES;
				CLANG_ENABLE_OBJC_ARC = YES;
				CLANG_ENABLE_OBJC_WEAK = YES;
				CLANG_WARN_BLOCK_CAPTURE_AUTORELEASING = YES;
				CLANG_WARN_BOOL_CONVERSION = YES;
				CLANG_WARN_COMMA = YES;
				CLANG_WARN_CONSTANT_CONVERSION = YES;
				CLANG_WARN_DEPRECATED_OBJC_IMPLEMENTATIONS = YES;
				CLANG_WARN_DIRECT_OBJC_ISA_USAGE = YES_ERROR;
				CLANG_WARN_DOCUMENTATION_COMMENTS = YES;
				CLANG_WARN_EMPTY_BODY = YES;
				CLANG_WARN_ENUM_CONVERSION = YES;
				CLANG_WARN_INFINITE_RECURSION = YES;
				CLANG_WARN_INT_CONVERSION = YES;
				CLANG_WARN_NON_LITERAL_NULL_CONVERSION = YES;
				CLANG_WARN_OBJC_IMPLICIT_RETAIN_SELF = YES;
				CLANG_WARN_OBJC_LITERAL_CONVERSION = YES;
				CLANG_WARN_OBJC_ROOT_CLASS = YES_ERROR;
				CLANG_WARN_QUOTED_INCLUDE_IN_FRAMEWORK_HEADER = YES;
				CLANG_WARN_RANGE_LOOP_ANALYSIS = YES;
				CLANG_WARN_STRICT_PROTOTYPES = YES;
				CLANG_WARN_SUSPICIOUS_MOVE = YES;
				CLANG_WARN_UNGUARDED_AVAILABILITY = YES_AGGRESSIVE;
				CLANG_WARN_UNREACHABLE_CODE = YES;
				CLANG_WARN__DUPLICATE_METHOD_MATCH = YES;
				COPY_PHASE_STRIP = NO;
				DEBUG_INFORMATION_FORMAT = "dwarf-with-dsym";
				ENABLE_NS_ASSERTIONS = NO;
				ENABLE_STRICT_OBJC_MSGSEND = YES;
				GCC_C_LANGUAGE_STANDARD = gnu11;
				GCC_NO_COMMON_BLOCKS = YES;
				GCC_WARN_64_TO_32_BIT_CONVERSION = YES;
				GCC_WARN_ABOUT_RETURN_TYPE = YES_ERROR;
				GCC_WARN_UNDECLARED_SELECTOR = YES;
				GCC_WARN_UNINITIALIZED_AUTOS = YES_AGGRESSIVE;
				GCC_WARN_UNUSED_FUNCTION = YES;
				GCC_WARN_UNUSED_VARIABLE = YES;
				IPHONEOS_DEPLOYMENT_TARGET = 14.6;
				MTL_ENABLE_DEBUG_INFO = NO;
				MTL_FAST_MATH = YES;
				SDKROOT = iphoneos;
				SWIFT_COMPILATION_MODE = wholemodule;
				SWIFT_OPTIMIZATION_LEVEL = "-O";
				VALIDATE_PRODUCT = YES;
			};
			name = Release;
		};
		CE651F9927E8E2810080B227 /* Debug */ = {
			isa = XCBuildConfiguration;
			buildSettings = {
				ASSETCATALOG_COMPILER_APPICON_NAME = AppIcon;
				ASSETCATALOG_COMPILER_GLOBAL_ACCENT_COLOR_NAME = AccentColor;
				CODE_SIGN_STYLE = Automatic;
				CURRENT_PROJECT_VERSION = 1;
				DEVELOPMENT_ASSET_PATHS = "\"World Apps/Preview Content\"";
				DEVELOPMENT_TEAM = X6NHLT8T59;
				ENABLE_PREVIEWS = YES;
				GENERATE_INFOPLIST_FILE = YES;
				INFOPLIST_KEY_UIApplicationSceneManifest_Generation = YES;
				INFOPLIST_KEY_UIApplicationSupportsIndirectInputEvents = YES;
				INFOPLIST_KEY_UILaunchScreen_Generation = YES;
				INFOPLIST_KEY_UISupportedInterfaceOrientations_iPad = "UIInterfaceOrientationPortrait UIInterfaceOrientationPortraitUpsideDown UIInterfaceOrientationLandscapeLeft UIInterfaceOrientationLandscapeRight";
				INFOPLIST_KEY_UISupportedInterfaceOrientations_iPhone = "UIInterfaceOrientationPortrait UIInterfaceOrientationLandscapeLeft UIInterfaceOrientationLandscapeRight";
				LD_RUNPATH_SEARCH_PATHS = (
					"$(inherited)",
					"@executable_path/Frameworks",
				);
				MARKETING_VERSION = 1.0;
				PRODUCT_BUNDLE_IDENTIFIER = "com.taichiApp.World-Apps";
				PRODUCT_NAME = "$(TARGET_NAME)";
				SWIFT_EMIT_LOC_STRINGS = YES;
				SWIFT_VERSION = 5.0;
				TARGETED_DEVICE_FAMILY = "1,2";
			};
			name = Debug;
		};
		CE651F9A27E8E2810080B227 /* Release */ = {
			isa = XCBuildConfiguration;
			buildSettings = {
				ASSETCATALOG_COMPILER_APPICON_NAME = AppIcon;
				ASSETCATALOG_COMPILER_GLOBAL_ACCENT_COLOR_NAME = AccentColor;
				CODE_SIGN_STYLE = Automatic;
				CURRENT_PROJECT_VERSION = 1;
				DEVELOPMENT_ASSET_PATHS = "\"World Apps/Preview Content\"";
				DEVELOPMENT_TEAM = X6NHLT8T59;
				ENABLE_PREVIEWS = YES;
				GENERATE_INFOPLIST_FILE = YES;
				INFOPLIST_KEY_UIApplicationSceneManifest_Generation = YES;
				INFOPLIST_KEY_UIApplicationSupportsIndirectInputEvents = YES;
				INFOPLIST_KEY_UILaunchScreen_Generation = YES;
				INFOPLIST_KEY_UISupportedInterfaceOrientations_iPad = "UIInterfaceOrientationPortrait UIInterfaceOrientationPortraitUpsideDown UIInterfaceOrientationLandscapeLeft UIInterfaceOrientationLandscapeRight";
				INFOPLIST_KEY_UISupportedInterfaceOrientations_iPhone = "UIInterfaceOrientationPortrait UIInterfaceOrientationLandscapeLeft UIInterfaceOrientationLandscapeRight";
				LD_RUNPATH_SEARCH_PATHS = (
					"$(inherited)",
					"@executable_path/Frameworks",
				);
				MARKETING_VERSION = 1.0;
				PRODUCT_BUNDLE_IDENTIFIER = "com.taichiApp.World-Apps";
				PRODUCT_NAME = "$(TARGET_NAME)";
				SWIFT_EMIT_LOC_STRINGS = YES;
				SWIFT_VERSION = 5.0;
				TARGETED_DEVICE_FAMILY = "1,2";
			};
			name = Release;
		};
		CE651F9C27E8E2810080B227 /* Debug */ = {
			isa = XCBuildConfiguration;
			buildSettings = {
				ALWAYS_EMBED_SWIFT_STANDARD_LIBRARIES = YES;
				BUNDLE_LOADER = "$(TEST_HOST)";
				CODE_SIGN_STYLE = Automatic;
				CURRENT_PROJECT_VERSION = 1;
				DEVELOPMENT_TEAM = X6NHLT8T59;
				GENERATE_INFOPLIST_FILE = YES;
				IPHONEOS_DEPLOYMENT_TARGET = 15.2;
				MARKETING_VERSION = 1.0;
				PRODUCT_BUNDLE_IDENTIFIER = "com.taichiApp.World-AppsTests";
				PRODUCT_NAME = "$(TARGET_NAME)";
				SWIFT_EMIT_LOC_STRINGS = NO;
				SWIFT_VERSION = 5.0;
				TARGETED_DEVICE_FAMILY = "1,2";
				TEST_HOST = "$(BUILT_PRODUCTS_DIR)/WorldApps.app/WorldApps";
			};
			name = Debug;
		};
		CE651F9D27E8E2810080B227 /* Release */ = {
			isa = XCBuildConfiguration;
			buildSettings = {
				ALWAYS_EMBED_SWIFT_STANDARD_LIBRARIES = YES;
				BUNDLE_LOADER = "$(TEST_HOST)";
				CODE_SIGN_STYLE = Automatic;
				CURRENT_PROJECT_VERSION = 1;
				DEVELOPMENT_TEAM = X6NHLT8T59;
				GENERATE_INFOPLIST_FILE = YES;
				IPHONEOS_DEPLOYMENT_TARGET = 15.2;
				MARKETING_VERSION = 1.0;
				PRODUCT_BUNDLE_IDENTIFIER = "com.taichiApp.World-AppsTests";
				PRODUCT_NAME = "$(TARGET_NAME)";
				SWIFT_EMIT_LOC_STRINGS = NO;
				SWIFT_VERSION = 5.0;
				TARGETED_DEVICE_FAMILY = "1,2";
				TEST_HOST = "$(BUILT_PRODUCTS_DIR)/WorldApps.app/WorldApps";
			};
			name = Release;
		};
		CE651F9F27E8E2810080B227 /* Debug */ = {
			isa = XCBuildConfiguration;
			buildSettings = {
				ALWAYS_EMBED_SWIFT_STANDARD_LIBRARIES = YES;
				CODE_SIGN_STYLE = Automatic;
				CURRENT_PROJECT_VERSION = 1;
				DEVELOPMENT_TEAM = X6NHLT8T59;
				GENERATE_INFOPLIST_FILE = YES;
				MARKETING_VERSION = 1.0;
				PRODUCT_BUNDLE_IDENTIFIER = "com.taichiApp.World-AppsUITests";
				PRODUCT_NAME = "$(TARGET_NAME)";
				SWIFT_EMIT_LOC_STRINGS = NO;
				SWIFT_VERSION = 5.0;
				TARGETED_DEVICE_FAMILY = "1,2";
				TEST_TARGET_NAME = "World Apps";
			};
			name = Debug;
		};
		CE651FA027E8E2810080B227 /* Release */ = {
			isa = XCBuildConfiguration;
			buildSettings = {
				ALWAYS_EMBED_SWIFT_STANDARD_LIBRARIES = YES;
				CODE_SIGN_STYLE = Automatic;
				CURRENT_PROJECT_VERSION = 1;
				DEVELOPMENT_TEAM = X6NHLT8T59;
				GENERATE_INFOPLIST_FILE = YES;
				MARKETING_VERSION = 1.0;
				PRODUCT_BUNDLE_IDENTIFIER = "com.taichiApp.World-AppsUITests";
				PRODUCT_NAME = "$(TARGET_NAME)";
				SWIFT_EMIT_LOC_STRINGS = NO;
				SWIFT_VERSION = 5.0;
				TARGETED_DEVICE_FAMILY = "1,2";
				TEST_TARGET_NAME = "World Apps";
			};
			name = Release;
		};
/* End XCBuildConfiguration section */

/* Begin XCConfigurationList section */
		CE651F6F27E8E27D0080B227 /* Build configuration list for PBXProject "WorldApps" */ = {
			isa = XCConfigurationList;
			buildConfigurations = (
				CE651F9627E8E2810080B227 /* Debug */,
				CE651F9727E8E2810080B227 /* Release */,
			);
			defaultConfigurationIsVisible = 0;
			defaultConfigurationName = Release;
		};
		CE651F9827E8E2810080B227 /* Build configuration list for PBXNativeTarget "WorldApps" */ = {
			isa = XCConfigurationList;
			buildConfigurations = (
				CE651F9927E8E2810080B227 /* Debug */,
				CE651F9A27E8E2810080B227 /* Release */,
			);
			defaultConfigurationIsVisible = 0;
			defaultConfigurationName = Release;
		};
		CE651F9B27E8E2810080B227 /* Build configuration list for PBXNativeTarget "WorldAppsTests" */ = {
			isa = XCConfigurationList;
			buildConfigurations = (
				CE651F9C27E8E2810080B227 /* Debug */,
				CE651F9D27E8E2810080B227 /* Release */,
			);
			defaultConfigurationIsVisible = 0;
			defaultConfigurationName = Release;
		};
		CE651F9E27E8E2810080B227 /* Build configuration list for PBXNativeTarget "WorldAppsUITests" */ = {
			isa = XCConfigurationList;
			buildConfigurations = (
				CE651F9F27E8E2810080B227 /* Debug */,
				CE651FA027E8E2810080B227 /* Release */,
			);
			defaultConfigurationIsVisible = 0;
			defaultConfigurationName = Release;
		};
/* End XCConfigurationList section */

/* Begin XCRemoteSwiftPackageReference section */
		CE3D6DFB27E9AB5300928BE4 /* XCRemoteSwiftPackageReference "Alamofire" */ = {
			isa = XCRemoteSwiftPackageReference;
			repositoryURL = "https://github.com/Alamofire/Alamofire";
			requirement = {
				kind = upToNextMajorVersion;
				minimumVersion = 5.0.0;
			};
		};
		CE3D6DFE27E9ACB500928BE4 /* XCRemoteSwiftPackageReference "Kingfisher" */ = {
			isa = XCRemoteSwiftPackageReference;
			repositoryURL = "https://github.com/onevcat/Kingfisher";
			requirement = {
				kind = upToNextMajorVersion;
				minimumVersion = 7.0.0;
			};
		};
/* End XCRemoteSwiftPackageReference section */

/* Begin XCSwiftPackageProductDependency section */
		CE3D6DFC27E9AB5300928BE4 /* Alamofire */ = {
			isa = XCSwiftPackageProductDependency;
			package = CE3D6DFB27E9AB5300928BE4 /* XCRemoteSwiftPackageReference "Alamofire" */;
			productName = Alamofire;
		};
		CE3D6DFF27E9ACB500928BE4 /* Kingfisher */ = {
			isa = XCSwiftPackageProductDependency;
			package = CE3D6DFE27E9ACB500928BE4 /* XCRemoteSwiftPackageReference "Kingfisher" */;
			productName = Kingfisher;
		};
/* End XCSwiftPackageProductDependency section */
	};
	rootObject = CE651F6C27E8E27D0080B227 /* Project object */;
}
